
Microsoft Visual Studio Solution File, Format Version 12.00
# Visual Studio Version 17
VisualStudioVersion = 17.11.35312.102
MinimumVisualStudioVersion = 10.0.40219.1
Project("{FAE04EC0-301F-11D3-BF4B-00C04F79EFBC}") = "deleni_nulou", "deleni_nulou\deleni_nulou.csproj", "{F257CDF7-694C-441D-AA2C-4689B80349AC}"
EndProject
Global
	GlobalSection(SolutionConfigurationPlatforms) = preSolution
		Debug|Any CPU = Debug|Any CPU
		Release|Any CPU = Release|Any CPU
	EndGlobalSection
	GlobalSection(ProjectConfigurationPlatforms) = postSolution
		{F257CDF7-694C-441D-AA2C-4689B80349AC}.Debug|Any CPU.ActiveCfg = Debug|Any CPU
		{F257CDF7-694C-441D-AA2C-4689B80349AC}.Debug|Any CPU.Build.0 = Debug|Any CPU
		{F257CDF7-694C-441D-AA2C-4689B80349AC}.Release|Any CPU.ActiveCfg = Release|Any CPU
		{F257CDF7-694C-441D-AA2C-4689B80349AC}.Release|Any CPU.Build.0 = Release|Any CPU
	EndGlobalSection
	GlobalSection(SolutionProperties) = preSolution
		HideSolutionNode = FALSE
	EndGlobalSection
	GlobalSection(ExtensibilityGlobals) = postSolution
		SolutionGuid = {B5F07195-42A3-440D-861D-69ED9A2A0B6F}
	EndGlobalSection
EndGlobal
