
Microsoft Visual Studio Solution File, Format Version 12.00
# Visual Studio Version 17
VisualStudioVersion = 17.11.35312.102
MinimumVisualStudioVersion = 10.0.40219.1
Project("{FAE04EC0-301F-11D3-BF4B-00C04F79EFBC}") = "top usp", "top usp\top usp.csproj", "{55521B5F-2EA0-4FCC-87A0-6CF2E0D5ADBD}"
EndProject
Global
	GlobalSection(SolutionConfigurationPlatforms) = preSolution
		Debug|Any CPU = Debug|Any CPU
		Release|Any CPU = Release|Any CPU
	EndGlobalSection
	GlobalSection(ProjectConfigurationPlatforms) = postSolution
		{55521B5F-2EA0-4FCC-87A0-6CF2E0D5ADBD}.Debug|Any CPU.ActiveCfg = Debug|Any CPU
		{55521B5F-2EA0-4FCC-87A0-6CF2E0D5ADBD}.Debug|Any CPU.Build.0 = Debug|Any CPU
		{55521B5F-2EA0-4FCC-87A0-6CF2E0D5ADBD}.Release|Any CPU.ActiveCfg = Release|Any CPU
		{55521B5F-2EA0-4FCC-87A0-6CF2E0D5ADBD}.Release|Any CPU.Build.0 = Release|Any CPU
	EndGlobalSection
	GlobalSection(SolutionProperties) = preSolution
		HideSolutionNode = FALSE
	EndGlobalSection
	GlobalSection(ExtensibilityGlobals) = postSolution
		SolutionGuid = {3851D284-7786-48FD-921E-181104522870}
	EndGlobalSection
EndGlobal
